{
  "version": 4,
  "terraform_version": "1.15.4",
  "serial": 33,
  "lineage": "a5758c2b-1da9-329b-5b5a-6e5169dd5d28",
  "outputs": {},
  "resources": [
    {
      "module": "module.cluster",
      "mode": "managed",
      "type": "google_container_cluster",
      "name": "cluster",
      "provider": "provider[\"registry.terraform.io/hashicorp/google\"]",
      "instances": [
        {
          "schema_version": 1,
          "attributes": {
            "addons_config": [
              {
                "cloudrun_config": [],
                "dns_cache_config": [
                  {
                    "enabled": true
                  }
                ],
                "gce_persistent_disk_csi_driver_config": [
                  {
                    "enabled": true
                  }
                ],
                "gcp_filestore_csi_driver_config": [],
                "horizontal_pod_autoscaling": [
                  {
                    "disabled": false
                  }
                ],
                "http_load_balancing": [
                  {
                    "disabled": false
                  }
                ],
                "network_policy_config": [
                  {
                    "disabled": true
                  }
                ]
              }
            ],
            "authenticator_groups_config": [],
            "binary_authorization": [
              {
                "enabled": false,
                "evaluation_mode": ""
              }
            ],
            "cluster_autoscaling": [
              {
                "auto_provisioning_defaults": [],
                "enabled": false,
                "resource_limits": []
              }
            ],
            "cluster_ipv4_cidr": "10.48.0.0/14",
            "confidential_nodes": [],
            "database_encryption": [
              {
                "key_name": "",
                "state": "DECRYPTED"
              }
            ],
            "datapath_provider": "",
            "default_max_pods_per_node": 110,
            "default_snat_status": [
              {
                "disabled": false
              }
            ],
            "description": "",
            "dns_config": [],
            "enable_autopilot": false,
            "enable_binary_authorization": false,
            "enable_intranode_visibility": false,
            "enable_kubernetes_alpha": false,
            "enable_legacy_abac": false,
            "enable_shielded_nodes": true,
            "enable_tpu": false,
            "endpoint": "34.57.101.26",
            "id": "projects/terraform-gcp-506723/locations/us-central1-c/clusters/vois-cluster",
            "initial_node_count": 1,
            "ip_allocation_policy": [
              {
                "cluster_ipv4_cidr_block": "10.48.0.0/14",
                "cluster_secondary_range_name": "gke-vois-cluster-pods-d6f4b4e6",
                "services_ipv4_cidr_block": "10.52.0.0/20",
                "services_secondary_range_name": "gke-vois-cluster-services-d6f4b4e6"
              }
            ],
            "label_fingerprint": "a9dc16a7",
            "location": "us-central1-c",
            "logging_config": [
              {
                "enable_components": [
                  "SYSTEM_COMPONENTS",
                  "WORKLOADS"
                ]
              }
            ],
            "logging_service": "logging.googleapis.com/kubernetes",
            "maintenance_policy": [],
            "master_auth": [
              {
                "client_certificate": "",
                "client_certificate_config": [
                  {
                    "issue_client_certificate": false
                  }
                ],
                "client_key": "",
                "cluster_ca_certificate": "LS0tLS1CRUdJTiBDRVJUSUZJQ0FURS0tLS0tCk1JSUVMRENDQXBTZ0F3SUJBZ0lRZktHVVMwU0R3V090QTVUdWp1NEp5VEFOQmdrcWhraUc5dzBCQVFzRkFEQXYKTVMwd0t3WURWUVFERXlSa05XRmpOV1EwTnkxaFlUVmhMVFJtTURrdFlXWTNaUzB3WTJRNFpqTTVaalZsTmprdwpJQmNOTWpZd09ESTNNREUxTmpBMldoZ1BNakExTmpBNE1Ua3dNalUyTURaYU1DOHhMVEFyQmdOVkJBTVRKR1ExCllXTTFaRFEzTFdGaE5XRXROR1l3T1MxaFpqZGxMVEJqWkRobU16bG1OV1UyT1RDQ0FhSXdEUVlKS29aSWh2Y04KQVFFQkJRQURnZ0dQQURDQ0FZb0NnZ0dCQU1CSHVlVC94TkpuMUZTcHJYVDgrM01uUk9hWDkxWkVYVnVpb3NSRgp1dmZOdjZ3anlleU1kdVJJOFNFVlcwS0RBM1ZVR1o4NFJYcDVSdi8xQWJHR3RZdjc4NW5YbCt6dTloZ3o4dUJyCmJ6dnBKRHhFRW9FN2p4QWIrcWNuS3NSK2lHa3FRTnJjU3hwci9vam5nN2dZeUdZdSt6cVN6ZjZJek5PZXVpUjkKR0Y1cGp3RU5qTHlSdmxEaW9MTkJ3cWhpOU1QKzM0SWlrZTdrQ1l1ekgwNGtzZXhjZFRIMzlQQkN4RUpDaEVTVwpRdmhFZ1g2V1ZPUFc5VXFIQ3c5OFVseVYvWjFjQktXZnpiM2hoNVJveTFBMTRKb0RkeFd5aS9HTTZnQkdINnBiCmZ6bTRIUFV3SWV0WkVzZkM2VkZGTWp3S2QxYzR6QlRXRVNWWEJ0UE04SldMLzViVDVaMFpsZ0l6Ykx2TlUwVlAKMm4yOGplL1VUaEl6aTlzcklwdE8xc2JQbk9kMHVPeFY4ZEdza3Iramh3ZFpJNDI3M2ZlbzJ5ZDdjRThDQnJpaQptR2sxanltNjZxZm91SE9XcGhFYU9ndUxlcW1sMjFnODNwK1cvR3lYNmdLcXFhMHJuc0RzbllwZENpMUtFQkpTClNOZGhvTjNhbmt5NmRvL1drd2h3RzJBUkp3SURBUUFCbzBJd1FEQU9CZ05WSFE4QkFmOEVCQU1DQWdRd0R3WUQKVlIwVEFRSC9CQVV3QXdFQi96QWRCZ05WSFE0RUZnUVU1c2pPOEJDOUNweGpZdGVpRmFrRzdick5ZaU13RFFZSgpLb1pJaHZjTkFRRUxCUUFEZ2dHQkFIZjJNbUhndFNlZWo0QThGY2o3NHo0clNJUnhmTHRVWDNvdGpwcHJDL1VKCmhKYzd5UXROcWlMQVhaaXpUYjNyN1lleklROWw2RCs3YmNJYzg5YUN1NTUyRVBTZEJ2dDR1MVZMVE1oZkRoWWMKZWh3d1V2b3NDMENJb1N1ME9QOTNLc2U5THhFWkZVNXJIMkRnQS9tbEtXdEZaUVFkRG1YOFg5YTF3dmRsV052OAp4ajZpcE9oRkZuSVlRNC9KRmNCN1FoNldZNGNXT2VBMS9xK1J0QzkrcjZpdm5kdDFKRGVxTkVWMC9SUEZITk1vClNzZVl6bDJTaFFIa3Ava0g5a1M1cy9pWUZPQ0NBYmNUdklodkF3Mjk3OWw4QWpUdkVaUTl6QVEwU0VDaytrbXkKWk9FYmZvRmduakFwaVV4SmIwM1VsSHp5OURUUTZsYm1BSFZPb3JhbWhaZ3FpZmgrWktuSjc4blRuZDY0R0JHUQo5N3ZXMms2cDlNendQNnAxeVovTytFQkpqT3RpR1NoT1BCRmZxZDN0Qm1NSzRGUWxyTHV6SjUydC92TndvVnN0Cm9lNHlIUjR0enpQNVhzVXIxUUNJU2F1bXlBdEFrZytZYzBtU01MdWY5NHg0YnVmRnA4TmxONm8yN3ZtdEUrSksKOExxek5BbU9WVTNKckVPSWd1V1RUZz09Ci0tLS0tRU5EIENFUlRJRklDQVRFLS0tLS0K"
              }
            ],
            "master_authorized_networks_config": [
              {
                "cidr_blocks": [
                  {
                    "cidr_block": "10.0.0.0/24",
                    "display_name": "Authorized Control Plane Access"
                  }
                ]
              }
            ],
            "master_version": "1.35.6-gke.1250000",
            "mesh_certificates": [],
            "min_master_version": null,
            "monitoring_config": [
              {
                "enable_components": [
                  "SYSTEM_COMPONENTS",
                  "STORAGE",
                  "HPA",
                  "POD",
                  "DAEMONSET",
                  "DEPLOYMENT",
                  "STATEFULSET",
                  "CADVISOR",
                  "KUBELET",
                  "DCGM",
                  "JOBSET"
                ]
              }
            ],
            "monitoring_service": "monitoring.googleapis.com/kubernetes",
            "name": "vois-cluster",
            "network": "projects/terraform-gcp-506723/global/networks/vois-network",
            "network_policy": [
              {
                "enabled": false,
                "provider": "PROVIDER_UNSPECIFIED"
              }
            ],
            "networking_mode": "VPC_NATIVE",
            "node_config": [
              {
                "boot_disk_kms_key": "",
                "disk_size_gb": 100,
                "disk_type": "pd-standard",
                "gcfs_config": [],
                "guest_accelerator": [],
                "gvnic": [],
                "image_type": "COS_CONTAINERD",
                "labels": {
                  "cluster": "vois-cluster"
                },
                "local_ssd_count": 0,
                "machine_type": "n1-standard-1",
                "metadata": {
                  "disable-legacy-endpoints": "true"
                },
                "min_cpu_platform": "",
                "node_group": "",
                "oauth_scopes": [
                  "https://www.googleapis.com/auth/cloud-platform"
                ],
                "preemptible": false,
                "reservation_affinity": [],
                "service_account": "kubernetes-sa@terraform-gcp-506723.iam.gserviceaccount.com",
                "shielded_instance_config": [
                  {
                    "enable_integrity_monitoring": true,
                    "enable_secure_boot": false
                  }
                ],
                "spot": false,
                "tags": [],
                "taint": [],
                "workload_metadata_config": [
                  {
                    "mode": "GKE_METADATA"
                  }
                ]
              }
            ],
            "node_locations": [],
            "node_pool": [
              {
                "autoscaling": [],
                "initial_node_count": 2,
                "instance_group_urls": [
                  "https://www.googleapis.com/compute/v1/projects/terraform-gcp-506723/zones/us-central1-c/instanceGroupManagers/gke-vois-cluster-vois-cluster-node-po-20a7881a-grp",
                  "https://www.googleapis.com/compute/v1/projects/terraform-gcp-506723/zones/us-central1-f/instanceGroupManagers/gke-vois-cluster-vois-cluster-node-po-cf705cd5-grp"
                ],
                "managed_instance_group_urls": [
                  "https://www.googleapis.com/compute/v1/projects/terraform-gcp-506723/zones/us-central1-c/instanceGroups/gke-vois-cluster-vois-cluster-node-po-20a7881a-grp",
                  "https://www.googleapis.com/compute/v1/projects/terraform-gcp-506723/zones/us-central1-f/instanceGroups/gke-vois-cluster-vois-cluster-node-po-cf705cd5-grp"
                ],
                "management": [
                  {
                    "auto_repair": true,
                    "auto_upgrade": true
                  }
                ],
                "max_pods_per_node": 110,
                "name": "vois-cluster-node-pool",
                "name_prefix": "",
                "node_config": [
                  {
                    "boot_disk_kms_key": "",
                    "disk_size_gb": 100,
                    "disk_type": "pd-standard",
                    "gcfs_config": [],
                    "guest_accelerator": [],
                    "gvnic": [],
                    "image_type": "COS_CONTAINERD",
                    "labels": {
                      "cluster": "vois-cluster"
                    },
                    "local_ssd_count": 0,
                    "machine_type": "n1-standard-1",
                    "metadata": {
                      "disable-legacy-endpoints": "true"
                    },
                    "min_cpu_platform": "",
                    "node_group": "",
                    "oauth_scopes": [
                      "https://www.googleapis.com/auth/cloud-platform"
                    ],
                    "preemptible": false,
                    "reservation_affinity": [],
                    "service_account": "kubernetes-sa@terraform-gcp-506723.iam.gserviceaccount.com",
                    "shielded_instance_config": [
                      {
                        "enable_integrity_monitoring": true,
                        "enable_secure_boot": false
                      }
                    ],
                    "spot": false,
                    "tags": [],
                    "taint": [],
                    "workload_metadata_config": [
                      {
                        "mode": "GKE_METADATA"
                      }
                    ]
                  }
                ],
                "node_count": 2,
                "node_locations": [
                  "us-central1-c",
                  "us-central1-f"
                ],
                "upgrade_settings": [
                  {
                    "max_surge": 1,
                    "max_unavailable": 0
                  }
                ],
                "version": "1.35.6-gke.1250000"
              }
            ],
            "node_version": "1.35.6-gke.1250000",
            "notification_config": [
              {
                "pubsub": [
                  {
                    "enabled": false,
                    "filter": [],
                    "topic": ""
                  }
                ]
              }
            ],
            "operation": null,
            "private_cluster_config": [
              {
                "enable_private_endpoint": false,
                "enable_private_nodes": true,
                "master_global_access_config": [
                  {
                    "enabled": false
                  }
                ],
                "master_ipv4_cidr_block": "172.16.0.0/28",
                "peering_name": "",
                "private_endpoint": "172.16.0.2",
                "public_endpoint": "34.57.101.26"
              }
            ],
            "private_ipv6_google_access": "",
            "project": "terraform-gcp-506723",
            "release_channel": [
              {
                "channel": "STABLE"
              }
            ],
            "remove_default_node_pool": true,
            "resource_labels": {},
            "resource_usage_export_config": [],
            "self_link": "https://container.googleapis.com/v1/projects/terraform-gcp-506723/zones/us-central1-c/clusters/vois-cluster",
            "service_external_ips_config": [
              {
                "enabled": false
              }
            ],
            "services_ipv4_cidr": "10.52.0.0/20",
            "subnetwork": "projects/terraform-gcp-506723/regions/us-central1/subnetworks/vois-subnet",
            "timeouts": null,
            "tpu_ipv4_cidr_block": "",
            "vertical_pod_autoscaling": [],
            "workload_identity_config": [
              {
                "workload_pool": "terraform-gcp-506723.svc.id.goog"
              }
            ]
          },
          "sensitive_attributes": [
            [
              {
                "type": "get_attr",
                "value": "master_auth"
              },
              {
                "type": "index",
                "value": {
                  "value": 0,
                  "type": "number"
                }
              },
              {
                "type": "get_attr",
                "value": "client_key"
              }
            ]
          ],
          "identity_schema_version": 0,
          "private": "eyJlMmJmYjczMC1lY2FhLTExZTYtOGY4OC0zNDM2M2JjN2M0YzAiOnsiY3JlYXRlIjoyNDAwMDAwMDAwMDAwLCJkZWxldGUiOjI0MDAwMDAwMDAwMDAsInJlYWQiOjI0MDAwMDAwMDAwMDAsInVwZGF0ZSI6MzYwMDAwMDAwMDAwMH0sInNjaGVtYV92ZXJzaW9uIjoiMSJ9",
          "dependencies": [
            "module.vpc.google_compute_network.vpc",
            "module.vpc.google_compute_subnetwork.subnet"
          ]
        }
      ]
    },
    {
      "module": "module.cluster",
      "mode": "managed",
      "type": "google_container_node_pool",
      "name": "node_pool",
      "provider": "provider[\"registry.terraform.io/hashicorp/google\"]",
      "instances": [
        {
          "status": "tainted",
          "schema_version": 1,
          "attributes": {
            "autoscaling": [],
            "cluster": "projects/terraform-gcp-506723/locations/us-central1-c/clusters/vois-cluster",
            "id": "projects/terraform-gcp-506723/locations/us-central1-c/clusters/vois-cluster/nodePools/vois-cluster-node-pool",
            "initial_node_count": 2,
            "instance_group_urls": [
              "https://www.googleapis.com/compute/v1/projects/terraform-gcp-506723/zones/us-central1-c/instanceGroupManagers/gke-vois-cluster-vois-cluster-node-po-4a2c5fad-grp",
              "https://www.googleapis.com/compute/v1/projects/terraform-gcp-506723/zones/us-central1-f/instanceGroupManagers/gke-vois-cluster-vois-cluster-node-po-6165aae0-grp"
            ],
            "location": "us-central1-c",
            "managed_instance_group_urls": [
              "https://www.googleapis.com/compute/v1/projects/terraform-gcp-506723/zones/us-central1-c/instanceGroups/gke-vois-cluster-vois-cluster-node-po-4a2c5fad-grp",
              "https://www.googleapis.com/compute/v1/projects/terraform-gcp-506723/zones/us-central1-f/instanceGroups/gke-vois-cluster-vois-cluster-node-po-6165aae0-grp"
            ],
            "management": [
              {
                "auto_repair": true,
                "auto_upgrade": true
              }
            ],
            "max_pods_per_node": 110,
            "name": "vois-cluster-node-pool",
            "name_prefix": "",
            "node_config": [
              {
                "boot_disk_kms_key": "",
                "disk_size_gb": 100,
                "disk_type": "pd-standard",
                "gcfs_config": [],
                "guest_accelerator": [],
                "gvnic": [],
                "image_type": "COS_CONTAINERD",
                "labels": {
                  "cluster": "vois-cluster"
                },
                "local_ssd_count": 0,
                "machine_type": "n1-standard-1",
                "metadata": {
                  "disable-legacy-endpoints": "true"
                },
                "min_cpu_platform": "",
                "node_group": "",
                "oauth_scopes": [
                  "https://www.googleapis.com/auth/cloud-platform"
                ],
                "preemptible": false,
                "reservation_affinity": [],
                "service_account": "kubernetes-sa@terraform-gcp-506723.iam.gserviceaccount.com",
                "shielded_instance_config": [
                  {
                    "enable_integrity_monitoring": true,
                    "enable_secure_boot": false
                  }
                ],
                "spot": false,
                "tags": null,
                "taint": [],
                "workload_metadata_config": [
                  {
                    "mode": "GKE_METADATA"
                  }
                ]
              }
            ],
            "node_count": 2,
            "node_locations": [
              "us-central1-c",
              "us-central1-f"
            ],
            "operation": null,
            "project": "terraform-gcp-506723",
            "timeouts": null,
            "upgrade_settings": [
              {
                "max_surge": 1,
                "max_unavailable": 0
              }
            ],
            "version": "1.35.6-gke.1250000"
          },
          "sensitive_attributes": [],
          "identity_schema_version": 0,
          "private": "eyJlMmJmYjczMC1lY2FhLTExZTYtOGY4OC0zNDM2M2JjN2M0YzAiOnsiY3JlYXRlIjoxODAwMDAwMDAwMDAwLCJkZWxldGUiOjE4MDAwMDAwMDAwMDAsInVwZGF0ZSI6MTgwMDAwMDAwMDAwMH0sInNjaGVtYV92ZXJzaW9uIjoiMSJ9",
          "dependencies": [
            "module.cluster.google_container_cluster.cluster",
            "module.gke_sa.google_service_account.account",
            "module.vpc.google_compute_network.vpc",
            "module.vpc.google_compute_subnetwork.subnet"
          ]
        }
      ]
    },
    {
      "module": "module.gke_sa",
      "mode": "managed",
      "type": "google_project_iam_member",
      "name": "iam_member",
      "provider": "provider[\"registry.terraform.io/hashicorp/google\"]",
      "instances": [
        {
          "schema_version": 0,
          "attributes": {
            "condition": [],
            "etag": "BwZZ/0g516w=",
            "id": "terraform-gcp-506723/roles/storage.objectViewer/serviceAccount:kubernetes-sa@terraform-gcp-506723.iam.gserviceaccount.com",
            "member": "serviceAccount:kubernetes-sa@terraform-gcp-506723.iam.gserviceaccount.com",
            "project": "terraform-gcp-506723",
            "role": "roles/storage.objectViewer"
          },
          "sensitive_attributes": [],
          "identity_schema_version": 0,
          "private": "bnVsbA==",
          "dependencies": [
            "module.gke_sa.google_service_account.account"
          ]
        }
      ]
    },
    {
      "module": "module.gke_sa",
      "mode": "managed",
      "type": "google_service_account",
      "name": "account",
      "provider": "provider[\"registry.terraform.io/hashicorp/google\"]",
      "instances": [
        {
          "schema_version": 0,
          "attributes": {
            "account_id": "kubernetes-sa",
            "description": "",
            "disabled": false,
            "display_name": "GKE Service Account",
            "email": "kubernetes-sa@terraform-gcp-506723.iam.gserviceaccount.com",
            "id": "projects/terraform-gcp-506723/serviceAccounts/kubernetes-sa@terraform-gcp-506723.iam.gserviceaccount.com",
            "name": "projects/terraform-gcp-506723/serviceAccounts/kubernetes-sa@terraform-gcp-506723.iam.gserviceaccount.com",
            "project": "terraform-gcp-506723",
            "timeouts": {
              "create": null
            },
            "unique_id": "102341392132599652257"
          },
          "sensitive_attributes": [],
          "identity_schema_version": 0,
          "private": "eyJlMmJmYjczMC1lY2FhLTExZTYtOGY4OC0zNDM2M2JjN2M0YzAiOnsiY3JlYXRlIjozMDAwMDAwMDAwMDB9LCJzY2hlbWFfdmVyc2lvbiI6IjAifQ=="
        }
      ]
    },
    {
      "module": "module.gs_bucket",
      "mode": "managed",
      "type": "google_storage_bucket",
      "name": "bucket",
      "provider": "provider[\"registry.terraform.io/hashicorp/google\"]",
      "instances": [
        {
          "index_key": 0,
          "schema_version": 0,
          "attributes": {
            "cors": [],
            "default_event_based_hold": false,
            "encryption": [],
            "force_destroy": true,
            "id": "vois-app-bucket-0-b42b029eca2273e1",
            "labels": {},
            "lifecycle_rule": [],
            "location": "US-CENTRAL1",
            "logging": [],
            "name": "vois-app-bucket-0-b42b029eca2273e1",
            "project": "terraform-gcp-506723",
            "requester_pays": false,
            "retention_policy": [],
            "self_link": "https://www.googleapis.com/storage/v1/b/vois-app-bucket-0-b42b029eca2273e1",
            "storage_class": "STANDARD",
            "timeouts": null,
            "uniform_bucket_level_access": true,
            "url": "gs://vois-app-bucket-0-b42b029eca2273e1",
            "versioning": [
              {
                "enabled": false
              }
            ],
            "website": []
          },
          "sensitive_attributes": [],
          "identity_schema_version": 0,
          "private": "eyJlMmJmYjczMC1lY2FhLTExZTYtOGY4OC0zNDM2M2JjN2M0YzAiOnsiY3JlYXRlIjoyNDAwMDAwMDAwMDAsInJlYWQiOjI0MDAwMDAwMDAwMCwidXBkYXRlIjoyNDAwMDAwMDAwMDB9fQ==",
          "dependencies": [
            "module.gs_bucket.random_id.gs_random_id"
          ]
        },
        {
          "index_key": 1,
          "schema_version": 0,
          "attributes": {
            "cors": [],
            "default_event_based_hold": false,
            "encryption": [],
            "force_destroy": true,
            "id": "vois-app-bucket-1-b42b029eca2273e1",
            "labels": {},
            "lifecycle_rule": [],
            "location": "US-CENTRAL1",
            "logging": [],
            "name": "vois-app-bucket-1-b42b029eca2273e1",
            "project": "terraform-gcp-506723",
            "requester_pays": false,
            "retention_policy": [],
            "self_link": "https://www.googleapis.com/storage/v1/b/vois-app-bucket-1-b42b029eca2273e1",
            "storage_class": "STANDARD",
            "timeouts": null,
            "uniform_bucket_level_access": true,
            "url": "gs://vois-app-bucket-1-b42b029eca2273e1",
            "versioning": [
              {
                "enabled": false
              }
            ],
            "website": []
          },
          "sensitive_attributes": [],
          "identity_schema_version": 0,
          "private": "eyJlMmJmYjczMC1lY2FhLTExZTYtOGY4OC0zNDM2M2JjN2M0YzAiOnsiY3JlYXRlIjoyNDAwMDAwMDAwMDAsInJlYWQiOjI0MDAwMDAwMDAwMCwidXBkYXRlIjoyNDAwMDAwMDAwMDB9fQ==",
          "dependencies": [
            "module.gs_bucket.random_id.gs_random_id"
          ]
        }
      ]
    },
    {
      "module": "module.gs_bucket",
      "mode": "managed",
      "type": "random_id",
      "name": "gs_random_id",
      "provider": "provider[\"registry.terraform.io/hashicorp/random\"]",
      "instances": [
        {
          "schema_version": 0,
          "attributes": {
            "b64_std": "tCsCnsoic+E=",
            "b64_url": "tCsCnsoic-E",
            "byte_length": 8,
            "dec": "12982473231844930529",
            "hex": "b42b029eca2273e1",
            "id": "tCsCnsoic-E",
            "keepers": null,
            "prefix": null
          },
          "sensitive_attributes": [],
          "identity_schema_version": 0
        }
      ]
    },
    {
      "module": "module.vm",
      "mode": "managed",
      "type": "google_compute_instance",
      "name": "vm",
      "provider": "provider[\"registry.terraform.io/hashicorp/google\"]",
      "instances": [
        {
          "index_key": 0,
          "schema_version": 6,
          "attributes": {
            "advanced_machine_features": [],
            "allow_stopping_for_update": null,
            "attached_disk": [],
            "boot_disk": [
              {
                "auto_delete": true,
                "device_name": "persistent-disk-0",
                "disk_encryption_key_raw": "",
                "disk_encryption_key_sha256": "",
                "initialize_params": [
                  {
                    "image": "https://www.googleapis.com/compute/v1/projects/ubuntu-os-cloud/global/images/ubuntu-2204-jammy-v20260826",
                    "labels": {},
                    "size": 10,
                    "type": "pd-standard"
                  }
                ],
                "kms_key_self_link": "",
                "mode": "READ_WRITE",
                "source": "https://www.googleapis.com/compute/v1/projects/terraform-gcp-506723/zones/us-central1-a/disks/test-vm-0"
              }
            ],
            "can_ip_forward": false,
            "confidential_instance_config": [],
            "cpu_platform": "Intel Broadwell",
            "current_status": "RUNNING",
            "deletion_protection": false,
            "description": "",
            "desired_status": null,
            "enable_display": false,
            "guest_accelerator": [],
            "hostname": "",
            "id": "projects/terraform-gcp-506723/zones/us-central1-a/instances/test-vm-0",
            "instance_id": "1113188271252454064",
            "label_fingerprint": "oPg0Xt09Q1c=",
            "labels": {
              "name": "test-vm-0"
            },
            "machine_type": "e2-micro",
            "metadata": {},
            "metadata_fingerprint": "qi2ih78rLQM=",
            "metadata_startup_script": null,
            "min_cpu_platform": "",
            "name": "test-vm-0",
            "network_interface": [
              {
                "access_config": [
                  {
                    "nat_ip": "136.113.82.244",
                    "network_tier": "PREMIUM",
                    "public_ptr_domain_name": ""
                  }
                ],
                "alias_ip_range": [],
                "ipv6_access_config": [],
                "ipv6_access_type": "",
                "name": "nic0",
                "network": "https://www.googleapis.com/compute/v1/projects/terraform-gcp-506723/global/networks/vois-network",
                "network_ip": "10.0.0.3",
                "nic_type": "",
                "queue_count": 0,
                "stack_type": "IPV4_ONLY",
                "subnetwork": "https://www.googleapis.com/compute/v1/projects/terraform-gcp-506723/regions/us-central1/subnetworks/vois-subnet",
                "subnetwork_project": "terraform-gcp-506723"
              }
            ],
            "project": "terraform-gcp-506723",
            "reservation_affinity": [],
            "resource_policies": [],
            "scheduling": [
              {
                "automatic_restart": true,
                "instance_termination_action": "",
                "min_node_cpus": 0,
                "node_affinities": [],
                "on_host_maintenance": "MIGRATE",
                "preemptible": false,
                "provisioning_model": "STANDARD"
              }
            ],
            "scratch_disk": [],
            "self_link": "https://www.googleapis.com/compute/v1/projects/terraform-gcp-506723/zones/us-central1-a/instances/test-vm-0",
            "service_account": [
              {
                "email": "test-vm-sa@terraform-gcp-506723.iam.gserviceaccount.com",
                "scopes": [
                  "https://www.googleapis.com/auth/cloud-platform"
                ]
              }
            ],
            "shielded_instance_config": [
              {
                "enable_integrity_monitoring": true,
                "enable_secure_boot": false,
                "enable_vtpm": true
              }
            ],
            "tags": [
              "test-vm"
            ],
            "tags_fingerprint": "XDck4GXW3HA=",
            "timeouts": {
              "create": null,
              "delete": null,
              "update": null
            },
            "zone": "us-central1-a"
          },
          "sensitive_attributes": [
            [
              {
                "type": "get_attr",
                "value": "boot_disk"
              },
              {
                "type": "index",
                "value": {
                  "value": 0,
                  "type": "number"
                }
              },
              {
                "type": "get_attr",
                "value": "disk_encryption_key_raw"
              }
            ]
          ],
          "identity_schema_version": 0,
          "private": "eyJlMmJmYjczMC1lY2FhLTExZTYtOGY4OC0zNDM2M2JjN2M0YzAiOnsiY3JlYXRlIjoxMjAwMDAwMDAwMDAwLCJkZWxldGUiOjEyMDAwMDAwMDAwMDAsInVwZGF0ZSI6MTIwMDAwMDAwMDAwMH0sInNjaGVtYV92ZXJzaW9uIjoiNiJ9",
          "dependencies": [
            "module.vm_sa.google_project_iam_member.iam_member",
            "module.vm_sa.google_service_account.account",
            "module.vpc.google_compute_firewall.fw_allow_all_egress",
            "module.vpc.google_compute_firewall.fw_allow_ssh",
            "module.vpc.google_compute_network.vpc",
            "module.vpc.google_compute_router.router",
            "module.vpc.google_compute_router_nat.nat",
            "module.vpc.google_compute_subnetwork.subnet"
          ]
        }
      ]
    },
    {
      "module": "module.vm_sa",
      "mode": "managed",
      "type": "google_project_iam_member",
      "name": "iam_member",
      "provider": "provider[\"registry.terraform.io/hashicorp/google\"]",
      "instances": [
        {
          "schema_version": 0,
          "attributes": {
            "condition": [],
            "etag": "BwZZ/0g516w=",
            "id": "terraform-gcp-506723/roles/container.developer/serviceAccount:test-vm-sa@terraform-gcp-506723.iam.gserviceaccount.com",
            "member": "serviceAccount:test-vm-sa@terraform-gcp-506723.iam.gserviceaccount.com",
            "project": "terraform-gcp-506723",
            "role": "roles/container.developer"
          },
          "sensitive_attributes": [],
          "identity_schema_version": 0,
          "private": "bnVsbA==",
          "dependencies": [
            "module.vm_sa.google_service_account.account"
          ]
        }
      ]
    },
    {
      "module": "module.vm_sa",
      "mode": "managed",
      "type": "google_service_account",
      "name": "account",
      "provider": "provider[\"registry.terraform.io/hashicorp/google\"]",
      "instances": [
        {
          "schema_version": 0,
          "attributes": {
            "account_id": "test-vm-sa",
            "description": "",
            "disabled": false,
            "display_name": "Test VM Service Account",
            "email": "test-vm-sa@terraform-gcp-506723.iam.gserviceaccount.com",
            "id": "projects/terraform-gcp-506723/serviceAccounts/test-vm-sa@terraform-gcp-506723.iam.gserviceaccount.com",
            "name": "projects/terraform-gcp-506723/serviceAccounts/test-vm-sa@terraform-gcp-506723.iam.gserviceaccount.com",
            "project": "terraform-gcp-506723",
            "timeouts": {
              "create": null
            },
            "unique_id": "112968314406907455787"
          },
          "sensitive_attributes": [],
          "identity_schema_version": 0,
          "private": "eyJlMmJmYjczMC1lY2FhLTExZTYtOGY4OC0zNDM2M2JjN2M0YzAiOnsiY3JlYXRlIjozMDAwMDAwMDAwMDB9LCJzY2hlbWFfdmVyc2lvbiI6IjAifQ=="
        }
      ]
    },
    {
      "module": "module.vpc",
      "mode": "managed",
      "type": "google_compute_firewall",
      "name": "fw_allow_all_egress",
      "provider": "provider[\"registry.terraform.io/hashicorp/google\"]",
      "instances": [
        {
          "schema_version": 1,
          "attributes": {
            "allow": [
              {
                "ports": [],
                "protocol": "all"
              }
            ],
            "creation_timestamp": "2026-08-26T17:10:05.581-07:00",
            "deny": [],
            "description": "",
            "destination_ranges": [
              "0.0.0.0/0"
            ],
            "direction": "EGRESS",
            "disabled": false,
            "enable_logging": null,
            "id": "projects/terraform-gcp-506723/global/firewalls/allow-all-egress",
            "log_config": [],
            "name": "allow-all-egress",
            "network": "https://www.googleapis.com/compute/v1/projects/terraform-gcp-506723/global/networks/vois-network",
            "priority": 1000,
            "project": "terraform-gcp-506723",
            "self_link": "https://www.googleapis.com/compute/v1/projects/terraform-gcp-506723/global/firewalls/allow-all-egress",
            "source_ranges": [],
            "source_service_accounts": [],
            "source_tags": [],
            "target_service_accounts": [],
            "target_tags": [],
            "timeouts": {
              "create": null,
              "delete": null,
              "update": null
            }
          },
          "sensitive_attributes": [],
          "identity_schema_version": 0,
          "private": "eyJlMmJmYjczMC1lY2FhLTExZTYtOGY4OC0zNDM2M2JjN2M0YzAiOnsiY3JlYXRlIjoxMjAwMDAwMDAwMDAwLCJkZWxldGUiOjEyMDAwMDAwMDAwMDAsInVwZGF0ZSI6MTIwMDAwMDAwMDAwMH0sInNjaGVtYV92ZXJzaW9uIjoiMSJ9",
          "dependencies": [
            "module.vpc.google_compute_network.vpc"
          ]
        }
      ]
    },
    {
      "module": "module.vpc",
      "mode": "managed",
      "type": "google_compute_firewall",
      "name": "fw_allow_ssh",
      "provider": "provider[\"registry.terraform.io/hashicorp/google\"]",
      "instances": [
        {
          "schema_version": 1,
          "attributes": {
            "allow": [
              {
                "ports": [
                  "22"
                ],
                "protocol": "tcp"
              }
            ],
            "creation_timestamp": "2026-08-26T17:10:05.339-07:00",
            "deny": [],
            "description": "",
            "destination_ranges": [],
            "direction": "INGRESS",
            "disabled": false,
            "enable_logging": null,
            "id": "projects/terraform-gcp-506723/global/firewalls/allow-ssh-iap",
            "log_config": [],
            "name": "allow-ssh-iap",
            "network": "https://www.googleapis.com/compute/v1/projects/terraform-gcp-506723/global/networks/vois-network",
            "priority": 1000,
            "project": "terraform-gcp-506723",
            "self_link": "https://www.googleapis.com/compute/v1/projects/terraform-gcp-506723/global/firewalls/allow-ssh-iap",
            "source_ranges": [
              "35.235.240.0/20"
            ],
            "source_service_accounts": [],
            "source_tags": [],
            "target_service_accounts": [],
            "target_tags": [],
            "timeouts": {
              "create": null,
              "delete": null,
              "update": null
            }
          },
          "sensitive_attributes": [],
          "identity_schema_version": 0,
          "private": "eyJlMmJmYjczMC1lY2FhLTExZTYtOGY4OC0zNDM2M2JjN2M0YzAiOnsiY3JlYXRlIjoxMjAwMDAwMDAwMDAwLCJkZWxldGUiOjEyMDAwMDAwMDAwMDAsInVwZGF0ZSI6MTIwMDAwMDAwMDAwMH0sInNjaGVtYV92ZXJzaW9uIjoiMSJ9",
          "dependencies": [
            "module.vpc.google_compute_network.vpc"
          ]
        }
      ]
    },
    {
      "module": "module.vpc",
      "mode": "managed",
      "type": "google_compute_network",
      "name": "vpc",
      "provider": "provider[\"registry.terraform.io/hashicorp/google\"]",
      "instances": [
        {
          "schema_version": 0,
          "attributes": {
            "auto_create_subnetworks": false,
            "delete_default_routes_on_create": false,
            "description": "",
            "enable_ula_internal_ipv6": false,
            "gateway_ipv4": "",
            "id": "projects/terraform-gcp-506723/global/networks/vois-network",
            "internal_ipv6_range": "",
            "mtu": 0,
            "name": "vois-network",
            "project": "terraform-gcp-506723",
            "routing_mode": "GLOBAL",
            "self_link": "https://www.googleapis.com/compute/v1/projects/terraform-gcp-506723/global/networks/vois-network",
            "timeouts": {
              "create": null,
              "delete": null,
              "update": null
            }
          },
          "sensitive_attributes": [],
          "identity_schema_version": 0,
          "private": "eyJlMmJmYjczMC1lY2FhLTExZTYtOGY4OC0zNDM2M2JjN2M0YzAiOnsiY3JlYXRlIjoxMjAwMDAwMDAwMDAwLCJkZWxldGUiOjEyMDAwMDAwMDAwMDAsInVwZGF0ZSI6MTIwMDAwMDAwMDAwMH0sInNjaGVtYV92ZXJzaW9uIjoiMCJ9"
        }
      ]
    },
    {
      "module": "module.vpc",
      "mode": "managed",
      "type": "google_compute_router",
      "name": "router",
      "provider": "provider[\"registry.terraform.io/hashicorp/google\"]",
      "instances": [
        {
          "schema_version": 0,
          "attributes": {
            "bgp": [],
            "creation_timestamp": "2026-08-26T20:53:39.636-07:00",
            "description": "",
            "encrypted_interconnect_router": false,
            "id": "projects/terraform-gcp-506723/regions/us-central1/routers/vois-network-router",
            "name": "vois-network-router",
            "network": "https://www.googleapis.com/compute/v1/projects/terraform-gcp-506723/global/networks/vois-network",
            "project": "terraform-gcp-506723",
            "region": "us-central1",
            "self_link": "https://www.googleapis.com/compute/v1/projects/terraform-gcp-506723/regions/us-central1/routers/vois-network-router",
            "timeouts": null
          },
          "sensitive_attributes": [],
          "identity_schema_version": 0,
          "private": "eyJlMmJmYjczMC1lY2FhLTExZTYtOGY4OC0zNDM2M2JjN2M0YzAiOnsiY3JlYXRlIjoxMjAwMDAwMDAwMDAwLCJkZWxldGUiOjEyMDAwMDAwMDAwMDAsInVwZGF0ZSI6MTIwMDAwMDAwMDAwMH19",
          "dependencies": [
            "module.vpc.google_compute_network.vpc"
          ]
        }
      ]
    },
    {
      "module": "module.vpc",
      "mode": "managed",
      "type": "google_compute_router_nat",
      "name": "nat",
      "provider": "provider[\"registry.terraform.io/hashicorp/google\"]",
      "instances": [
        {
          "schema_version": 0,
          "attributes": {
            "drain_nat_ips": [],
            "enable_dynamic_port_allocation": false,
            "enable_endpoint_independent_mapping": true,
            "icmp_idle_timeout_sec": 30,
            "id": "terraform-gcp-506723/us-central1/vois-network-router/vois-network-nat",
            "log_config": [
              {
                "enable": true,
                "filter": "ERRORS_ONLY"
              }
            ],
            "max_ports_per_vm": 0,
            "min_ports_per_vm": 0,
            "name": "vois-network-nat",
            "nat_ip_allocate_option": "AUTO_ONLY",
            "nat_ips": [],
            "project": "terraform-gcp-506723",
            "region": "us-central1",
            "router": "vois-network-router",
            "source_subnetwork_ip_ranges_to_nat": "ALL_SUBNETWORKS_ALL_IP_RANGES",
            "subnetwork": [],
            "tcp_established_idle_timeout_sec": 1200,
            "tcp_transitory_idle_timeout_sec": 30,
            "timeouts": null,
            "udp_idle_timeout_sec": 30
          },
          "sensitive_attributes": [],
          "identity_schema_version": 0,
          "private": "eyJlMmJmYjczMC1lY2FhLTExZTYtOGY4OC0zNDM2M2JjN2M0YzAiOnsiY3JlYXRlIjoxMjAwMDAwMDAwMDAwLCJkZWxldGUiOjEyMDAwMDAwMDAwMDAsInVwZGF0ZSI6MTIwMDAwMDAwMDAwMH19",
          "dependencies": [
            "module.vpc.google_compute_network.vpc",
            "module.vpc.google_compute_router.router"
          ]
        }
      ]
    },
    {
      "module": "module.vpc",
      "mode": "managed",
      "type": "google_compute_subnetwork",
      "name": "subnet",
      "provider": "provider[\"registry.terraform.io/hashicorp/google\"]",
      "instances": [
        {
          "schema_version": 0,
          "attributes": {
            "creation_timestamp": "2026-08-26T17:10:06.879-07:00",
            "description": "",
            "external_ipv6_prefix": "",
            "fingerprint": null,
            "gateway_address": "10.0.0.1",
            "id": "projects/terraform-gcp-506723/regions/us-central1/subnetworks/vois-subnet",
            "ip_cidr_range": "10.0.0.0/24",
            "ipv6_access_type": "",
            "ipv6_cidr_range": "",
            "log_config": [],
            "name": "vois-subnet",
            "network": "https://www.googleapis.com/compute/v1/projects/terraform-gcp-506723/global/networks/vois-network",
            "private_ip_google_access": true,
            "private_ipv6_google_access": "DISABLE_GOOGLE_ACCESS",
            "project": "terraform-gcp-506723",
            "purpose": "PRIVATE",
            "region": "us-central1",
            "role": "",
            "secondary_ip_range": [
              {
                "ip_cidr_range": "10.52.0.0/20",
                "range_name": "gke-vois-cluster-services-d6f4b4e6"
              },
              {
                "ip_cidr_range": "10.48.0.0/14",
                "range_name": "gke-vois-cluster-pods-d6f4b4e6"
              }
            ],
            "self_link": "https://www.googleapis.com/compute/v1/projects/terraform-gcp-506723/regions/us-central1/subnetworks/vois-subnet",
            "stack_type": "IPV4_ONLY",
            "timeouts": {
              "create": null,
              "delete": null,
              "update": null
            }
          },
          "sensitive_attributes": [],
          "identity_schema_version": 0,
          "private": "eyJlMmJmYjczMC1lY2FhLTExZTYtOGY4OC0zNDM2M2JjN2M0YzAiOnsiY3JlYXRlIjoxMjAwMDAwMDAwMDAwLCJkZWxldGUiOjEyMDAwMDAwMDAwMDAsInVwZGF0ZSI6MTIwMDAwMDAwMDAwMH0sInNjaGVtYV92ZXJzaW9uIjoiMCJ9",
          "dependencies": [
            "module.vpc.google_compute_network.vpc"
          ]
        }
      ]
    }
  ],
  "check_results": null
}
